# GENERATED by fetch-mods.sh from mods.txt (and everything it includes).
# Tracked so the effective set is reviewable and so a player's modpack has one
# authoritative list to match. Do not hand-edit — edit a mods.txt and re-run:
#   pnpm valheim:mods:fetch qol
#
# <namespace>/<package> <version> [world-safe]
Advize/PlantEasily 2.1.1 world-safe
Azumatt/AAA_Crafting 2.1.6 world-safe
Azumatt/AzuCraftyBoxes 1.8.15 world-safe
Goldenrevolver/Quick_Stack_Store_Sort_Trash_Restock 1.4.13 world-safe
Smoothbrain/TargetPortal 1.2.3 world-safe
Tristan/ValheimRcon 1.5.1 world-safe
