# GENERATED by fetch-mods.sh from mods.txt (and everything it includes).
# Tracked so the effective set is reviewable and so a player's modpack has one
# authoritative list to match. Do not hand-edit — edit a mods.txt and re-run:
#   pnpm valheim:mods:fetch admin
#
# <namespace>/<package> <version> [world-safe]
Tristan/ValheimRcon 1.5.1 world-safe
